{
  "name": "servicios",
  "lockfileVersion": 3,
  "requires": true,
  "packages": {
    "": {
      "name": "servicios",
      "dependencies": {
        "amqplib": "^2.2.0",
        "jose": "^6.2.12"
      }
    },
    "node_modules/amqplib": {
      "version": "2.2.0",
      "resolved": "https://registry.npmjs.org/amqplib/-/amqplib-2.2.0.tgz",
      "integrity": "sha512-VifzN9aHs/Q3zTruVHXh2yCisQyXexBN91CQ2E5iSyUKyNjH6ilYhJGte5AXZH/Bj1PaH7SwPhyuSf6Msd2udw==",
      "license": "MIT",
      "engines": {
        "node": ">=18"
      }
    },
    "node_modules/jose": {
      "version": "6.2.12",
      "resolved": "https://registry.npmjs.org/jose/-/jose-6.2.12.tgz",
      "integrity": "sha512-9NiFmJEex0sy2Dk58j2UGBSHgUs2ypF9eZSu4L6vjOX3Dp96Sw1F3uL+H+D1sx02jZZdzUT0HgvCy59CuvXcWw==",
      "license": "MIT",
      "funding": {
        "url": "https://github.com/sponsors/panva"
      }
    }
  }
}
